
Microsoft Visual Studio Solution File, Format Version 12.00
# Visual Studio Version 17
VisualStudioVersion = 17.11.35312.102
MinimumVisualStudioVersion = 10.0.40219.1
Project("{9A19103F-16F7-4668-BE54-9A1E7A4F7556}") = "appTest", "appTest.csproj", "{571EE1C6-8DC1-4564-8C0F-14A609C25DFA}"
EndProject
Global
	GlobalSection(SolutionConfigurationPlatforms) = preSolution
		Debug|Any CPU = Debug|Any CPU
		Release|Any CPU = Release|Any CPU
	EndGlobalSection
	GlobalSection(ProjectConfigurationPlatforms) = postSolution
		{571EE1C6-8DC1-4564-8C0F-14A609C25DFA}.Debug|Any CPU.ActiveCfg = Debug|Any CPU
		{571EE1C6-8DC1-4564-8C0F-14A609C25DFA}.Debug|Any CPU.Build.0 = Debug|Any CPU
		{571EE1C6-8DC1-4564-8C0F-14A609C25DFA}.Release|Any CPU.ActiveCfg = Release|Any CPU
		{571EE1C6-8DC1-4564-8C0F-14A609C25DFA}.Release|Any CPU.Build.0 = Release|Any CPU
	EndGlobalSection
	GlobalSection(SolutionProperties) = preSolution
		HideSolutionNode = FALSE
	EndGlobalSection
	GlobalSection(ExtensibilityGlobals) = postSolution
		SolutionGuid = {6BB305FE-6869-47A1-AFAE-30F378E3CAEE}
	EndGlobalSection
EndGlobal
